// !$*UTF8*$!
{
	archiveVersion = 1;
	classes = {
	};
	objectVersion = 56;
	objects = {

/* Begin PBXBuildFile section */
		109117CC2AE8451400A4D8D3 /* AppDelegate.swift in Sources */ = {isa = PBXBuildFile; fileRef = 109117CB2AE8451400A4D8D3 /* AppDelegate.swift */; };
		109117CE2AE8451400A4D8D3 /* SceneDelegate.swift in Sources */ = {isa = PBXBuildFile; fileRef = 109117CD2AE8451400A4D8D3 /* SceneDelegate.swift */; };
		109117D02AE8451400A4D8D3 /* CryptoVC.swift in Sources */ = {isa = PBXBuildFile; fileRef = 109117CF2AE8451400A4D8D3 /* CryptoVC.swift */; };
		109117D32AE8451400A4D8D3 /* Main.storyboard in Resources */ = {isa = PBXBuildFile; fileRef = 109117D12AE8451400A4D8D3 /* Main.storyboard */; };
		109117D52AE8451500A4D8D3 /* Assets.xcassets in Resources */ = {isa = PBXBuildFile; fileRef = 109117D42AE8451500A4D8D3 /* Assets.xcassets */; };
		109117D82AE8451500A4D8D3 /* LaunchScreen.storyboard in Resources */ = {isa = PBXBuildFile; fileRef = 109117D62AE8451500A4D8D3 /* LaunchScreen.storyboard */; };
		109117E02AE845AD00A4D8D3 /* Model.swift in Sources */ = {isa = PBXBuildFile; fileRef = 109117DF2AE845AD00A4D8D3 /* Model.swift */; };
		109117E22AE8461600A4D8D3 /* CryptoCell.swift in Sources */ = {isa = PBXBuildFile; fileRef = 109117E12AE8461600A4D8D3 /* CryptoCell.swift */; };
		109117E42AE846CA00A4D8D3 /* WebService.swift in Sources */ = {isa = PBXBuildFile; fileRef = 109117E32AE846CA00A4D8D3 /* WebService.swift */; };
		109117E62AE8480C00A4D8D3 /* CryptoViewModel.swift in Sources */ = {isa = PBXBuildFile; fileRef = 109117E52AE8480C00A4D8D3 /* CryptoViewModel.swift */; };
		10E0072A2AEE7320007EB1AD /* FavoriteVC.swift in Sources */ = {isa = PBXBuildFile; fileRef = 10E007292AEE7320007EB1AD /* FavoriteVC.swift */; };
		10E0072C2AEE7387007EB1AD /* FavoriteManger.swift in Sources */ = {isa = PBXBuildFile; fileRef = 10E0072B2AEE7387007EB1AD /* FavoriteManger.swift */; };
		10E0072E2AEE7775007EB1AD /* FavoriteViewModel.swift in Sources */ = {isa = PBXBuildFile; fileRef = 10E0072D2AEE7775007EB1AD /* FavoriteViewModel.swift */; };
		10E007302AEE7BF8007EB1AD /* FavoriteCell.swift in Sources */ = {isa = PBXBuildFile; fileRef = 10E0072F2AEE7BF8007EB1AD /* FavoriteCell.swift */; };
/* End PBXBuildFile section */

/* Begin PBXFileReference section */
		109117C82AE8451400A4D8D3 /* criptoMVVM.app */ = {isa = PBXFileReference; explicitFileType = wrapper.application; includeInIndex = 0; path = criptoMVVM.app; sourceTree = BUILT_PRODUCTS_DIR; };
		109117CB2AE8451400A4D8D3 /* AppDelegate.swift */ = {isa = PBXFileReference; lastKnownFileType = sourcecode.swift; path = AppDelegate.swift; sourceTree = "<group>"; };
		109117CD2AE8451400A4D8D3 /* SceneDelegate.swift */ = {isa = PBXFileReference; lastKnownFileType = sourcecode.swift; path = SceneDelegate.swift; sourceTree = "<group>"; };
		109117CF2AE8451400A4D8D3 /* CryptoVC.swift */ = {isa = PBXFileReference; lastKnownFileType = sourcecode.swift; path = CryptoVC.swift; sourceTree = "<group>"; };
		109117D22AE8451400A4D8D3 /* Base */ = {isa = PBXFileReference; lastKnownFileType = file.storyboard; name = Base; path = Base.lproj/Main.storyboard; sourceTree = "<group>"; };
		109117D42AE8451500A4D8D3 /* Assets.xcassets */ = {isa = PBXFileReference; lastKnownFileType = folder.assetcatalog; path = Assets.xcassets; sourceTree = "<group>"; };
		109117D72AE8451500A4D8D3 /* Base */ = {isa = PBXFileReference; lastKnownFileType = file.storyboard; name = Base; path = Base.lproj/LaunchScreen.storyboard; sourceTree = "<group>"; };
		109117D92AE8451500A4D8D3 /* Info.plist */ = {isa = PBXFileReference; lastKnownFileType = text.plist.xml; path = Info.plist; sourceTree = "<group>"; };
		109117DF2AE845AD00A4D8D3 /* Model.swift */ = {isa = PBXFileReference; lastKnownFileType = sourcecode.swift; path = Model.swift; sourceTree = "<group>"; };
		109117E12AE8461600A4D8D3 /* CryptoCell.swift */ = {isa = PBXFileReference; lastKnownFileType = sourcecode.swift; path = CryptoCell.swift; sourceTree = "<group>"; };
		109117E32AE846CA00A4D8D3 /* WebService.swift */ = {isa = PBXFileReference; lastKnownFileType = sourcecode.swift; path = WebService.swift; sourceTree = "<group>"; };
		109117E52AE8480C00A4D8D3 /* CryptoViewModel.swift */ = {isa = PBXFileReference; lastKnownFileType = sourcecode.swift; path = CryptoViewModel.swift; sourceTree = "<group>"; };
		10E007292AEE7320007EB1AD /* FavoriteVC.swift */ = {isa = PBXFileReference; lastKnownFileType = sourcecode.swift; path = FavoriteVC.swift; sourceTree = "<group>"; };
		10E0072B2AEE7387007EB1AD /* FavoriteManger.swift */ = {isa = PBXFileReference; lastKnownFileType = sourcecode.swift; path = FavoriteManger.swift; sourceTree = "<group>"; };
		10E0072D2AEE7775007EB1AD /* FavoriteViewModel.swift */ = {isa = PBXFileReference; lastKnownFileType = sourcecode.swift; path = FavoriteViewModel.swift; sourceTree = "<group>"; };
		10E0072F2AEE7BF8007EB1AD /* FavoriteCell.swift */ = {isa = PBXFileReference; lastKnownFileType = sourcecode.swift; path = FavoriteCell.swift; sourceTree = "<group>"; };
/* End PBXFileReference section */

/* Begin PBXFrameworksBuildPhase section */
		109117C52AE8451400A4D8D3 /* Frameworks */ = {
			isa = PBXFrameworksBuildPhase;
			buildActionMask = 2147483647;
			files = (
			);
			runOnlyForDeploymentPostprocessing = 0;
		};
/* End PBXFrameworksBuildPhase section */

/* Begin PBXGroup section */
		109117BF2AE8451300A4D8D3 = {
			isa = PBXGroup;
			children = (
				109117CA2AE8451400A4D8D3 /* criptoMVVM */,
				109117C92AE8451400A4D8D3 /* Products */,
			);
			sourceTree = "<group>";
		};
		109117C92AE8451400A4D8D3 /* Products */ = {
			isa = PBXGroup;
			children = (
				109117C82AE8451400A4D8D3 /* criptoMVVM.app */,
			);
			name = Products;
			sourceTree = "<group>";
		};
		109117CA2AE8451400A4D8D3 /* criptoMVVM */ = {
			isa = PBXGroup;
			children = (
				10E2525F2AEEBB1000010C19 /* Model */,
				10E2525E2AEEBAF700010C19 /* Service */,
				10E2525D2AEEBACB00010C19 /* Delegate */,
				10E2525C2AEEBAB300010C19 /* Cells */,
				10E2525B2AEEBA9300010C19 /* View */,
				10E2525A2AEEBA7000010C19 /* ViewModel */,
				109117D12AE8451400A4D8D3 /* Main.storyboard */,
				109117D42AE8451500A4D8D3 /* Assets.xcassets */,
				109117D62AE8451500A4D8D3 /* LaunchScreen.storyboard */,
				109117D92AE8451500A4D8D3 /* Info.plist */,
			);
			path = criptoMVVM;
			sourceTree = "<group>";
		};
		10E2525A2AEEBA7000010C19 /* ViewModel */ = {
			isa = PBXGroup;
			children = (
				109117E52AE8480C00A4D8D3 /* CryptoViewModel.swift */,
				10E0072D2AEE7775007EB1AD /* FavoriteViewModel.swift */,
			);
			path = ViewModel;
			sourceTree = "<group>";
		};
		10E2525B2AEEBA9300010C19 /* View */ = {
			isa = PBXGroup;
			children = (
				109117CF2AE8451400A4D8D3 /* CryptoVC.swift */,
				10E007292AEE7320007EB1AD /* FavoriteVC.swift */,
			);
			path = View;
			sourceTree = "<group>";
		};
		10E2525C2AEEBAB300010C19 /* Cells */ = {
			isa = PBXGroup;
			children = (
				10E0072F2AEE7BF8007EB1AD /* FavoriteCell.swift */,
				109117E12AE8461600A4D8D3 /* CryptoCell.swift */,
			);
			path = Cells;
			sourceTree = "<group>";
		};
		10E2525D2AEEBACB00010C19 /* Delegate */ = {
			isa = PBXGroup;
			children = (
				109117CD2AE8451400A4D8D3 /* SceneDelegate.swift */,
				109117CB2AE8451400A4D8D3 /* AppDelegate.swift */,
			);
			path = Delegate;
			sourceTree = "<group>";
		};
		10E2525E2AEEBAF700010C19 /* Service */ = {
			isa = PBXGroup;
			children = (
				109117E32AE846CA00A4D8D3 /* WebService.swift */,
				10E0072B2AEE7387007EB1AD /* FavoriteManger.swift */,
			);
			path = Service;
			sourceTree = "<group>";
		};
		10E2525F2AEEBB1000010C19 /* Model */ = {
			isa = PBXGroup;
			children = (
				109117DF2AE845AD00A4D8D3 /* Model.swift */,
			);
			path = Model;
			sourceTree = "<group>";
		};
/* End PBXGroup section */

/* Begin PBXNativeTarget section */
		109117C72AE8451400A4D8D3 /* criptoMVVM */ = {
			isa = PBXNativeTarget;
			buildConfigurationList = 109117DC2AE8451500A4D8D3 /* Build configuration list for PBXNativeTarget "criptoMVVM" */;
			buildPhases = (
				109117C42AE8451400A4D8D3 /* Sources */,
				109117C52AE8451400A4D8D3 /* Frameworks */,
				109117C62AE8451400A4D8D3 /* Resources */,
			);
			buildRules = (
			);
			dependencies = (
			);
			name = criptoMVVM;
			productName = criptoMVVM;
			productReference = 109117C82AE8451400A4D8D3 /* criptoMVVM.app */;
			productType = "com.apple.product-type.application";
		};
/* End PBXNativeTarget section */

/* Begin PBXProject section */
		109117C02AE8451300A4D8D3 /* Project object */ = {
			isa = PBXProject;
			attributes = {
				BuildIndependentTargetsInParallel = 1;
				LastSwiftUpdateCheck = 1420;
				LastUpgradeCheck = 1420;
				TargetAttributes = {
					109117C72AE8451400A4D8D3 = {
						CreatedOnToolsVersion = 14.2;
					};
				};
			};
			buildConfigurationList = 109117C32AE8451300A4D8D3 /* Build configuration list for PBXProject "criptoMVVM" */;
			compatibilityVersion = "Xcode 14.0";
			developmentRegion = en;
			hasScannedForEncodings = 0;
			knownRegions = (
				en,
				Base,
			);
			mainGroup = 109117BF2AE8451300A4D8D3;
			productRefGroup = 109117C92AE8451400A4D8D3 /* Products */;
			projectDirPath = "";
			projectRoot = "";
			targets = (
				109117C72AE8451400A4D8D3 /* criptoMVVM */,
			);
		};
/* End PBXProject section */

/* Begin PBXResourcesBuildPhase section */
		109117C62AE8451400A4D8D3 /* Resources */ = {
			isa = PBXResourcesBuildPhase;
			buildActionMask = 2147483647;
			files = (
				109117D82AE8451500A4D8D3 /* LaunchScreen.storyboard in Resources */,
				109117D52AE8451500A4D8D3 /* Assets.xcassets in Resources */,
				109117D32AE8451400A4D8D3 /* Main.storyboard in Resources */,
			);
			runOnlyForDeploymentPostprocessing = 0;
		};
/* End PBXResourcesBuildPhase section */

/* Begin PBXSourcesBuildPhase section */
		109117C42AE8451400A4D8D3 /* Sources */ = {
			isa = PBXSourcesBuildPhase;
			buildActionMask = 2147483647;
			files = (
				109117E42AE846CA00A4D8D3 /* WebService.swift in Sources */,
				109117D02AE8451400A4D8D3 /* CryptoVC.swift in Sources */,
				109117CC2AE8451400A4D8D3 /* AppDelegate.swift in Sources */,
				109117E22AE8461600A4D8D3 /* CryptoCell.swift in Sources */,
				10E0072A2AEE7320007EB1AD /* FavoriteVC.swift in Sources */,
				10E007302AEE7BF8007EB1AD /* FavoriteCell.swift in Sources */,
				109117CE2AE8451400A4D8D3 /* SceneDelegate.swift in Sources */,
				109117E02AE845AD00A4D8D3 /* Model.swift in Sources */,
				10E0072C2AEE7387007EB1AD /* FavoriteManger.swift in Sources */,
				10E0072E2AEE7775007EB1AD /* FavoriteViewModel.swift in Sources */,
				109117E62AE8480C00A4D8D3 /* CryptoViewModel.swift in Sources */,
			);
			runOnlyForDeploymentPostprocessing = 0;
		};
/* End PBXSourcesBuildPhase section */

/* Begin PBXVariantGroup section */
		109117D12AE8451400A4D8D3 /* Main.storyboard */ = {
			isa = PBXVariantGroup;
			children = (
				109117D22AE8451400A4D8D3 /* Base */,
			);
			name = Main.storyboard;
			sourceTree = "<group>";
		};
		109117D62AE8451500A4D8D3 /* LaunchScreen.storyboard */ = {
			isa = PBXVariantGroup;
			children = (
				109117D72AE8451500A4D8D3 /* Base */,
			);
			name = LaunchScreen.storyboard;
			sourceTree = "<group>";
		};
/* End PBXVariantGroup section */

/* Begin XCBuildConfiguration section */
		109117DA2AE8451500A4D8D3 /* Debug */ = {
			isa = XCBuildConfiguration;
			buildSettings = {
				ALWAYS_SEARCH_USER_PATHS = NO;
				CLANG_ANALYZER_NONNULL = YES;
				CLANG_ANALYZER_NUMBER_OBJECT_CONVERSION = YES_AGGRESSIVE;
				CLANG_CXX_LANGUAGE_STANDARD = "gnu++20";
				CLANG_ENABLE_MODULES = YES;
				CLANG_ENABLE_OBJC_ARC = YES;
				CLANG_ENABLE_OBJC_WEAK = YES;
				CLANG_WARN_BLOCK_CAPTURE_AUTORELEASING = YES;
				CLANG_WARN_BOOL_CONVERSION = YES;
				CLANG_WARN_COMMA = YES;
				CLANG_WARN_CONSTANT_CONVERSION = YES;
				CLANG_WARN_DEPRECATED_OBJC_IMPLEMENTATIONS = YES;
				CLANG_WARN_DIRECT_OBJC_ISA_USAGE = YES_ERROR;
				CLANG_WARN_DOCUMENTATION_COMMENTS = YES;
				CLANG_WARN_EMPTY_BODY = YES;
				CLANG_WARN_ENUM_CONVERSION = YES;
				CLANG_WARN_INFINITE_RECURSION = YES;
				CLANG_WARN_INT_CONVERSION = YES;
				CLANG_WARN_NON_LITERAL_NULL_CONVERSION = YES;
				CLANG_WARN_OBJC_IMPLICIT_RETAIN_SELF = YES;
				CLANG_WARN_OBJC_LITERAL_CONVERSION = YES;
				CLANG_WARN_OBJC_ROOT_CLASS = YES_ERROR;
				CLANG_WARN_QUOTED_INCLUDE_IN_FRAMEWORK_HEADER = YES;
				CLANG_WARN_RANGE_LOOP_ANALYSIS = YES;
				CLANG_WARN_STRICT_PROTOTYPES = YES;
				CLANG_WARN_SUSPICIOUS_MOVE = YES;
				CLANG_WARN_UNGUARDED_AVAILABILITY = YES_AGGRESSIVE;
				CLANG_WARN_UNREACHABLE_CODE = YES;
				CLANG_WARN__DUPLICATE_METHOD_MATCH = YES;
				COPY_PHASE_STRIP = NO;
				DEBUG_INFORMATION_FORMAT = dwarf;
				ENABLE_STRICT_OBJC_MSGSEND = YES;
				ENABLE_TESTABILITY = YES;
				GCC_C_LANGUAGE_STANDARD = gnu11;
				GCC_DYNAMIC_NO_PIC = NO;
				GCC_NO_COMMON_BLOCKS = YES;
				GCC_OPTIMIZATION_LEVEL = 0;
				GCC_PREPROCESSOR_DEFINITIONS = (
					"DEBUG=1",
					"$(inherited)",
				);
				GCC_WARN_64_TO_32_BIT_CONVERSION = YES;
				GCC_WARN_ABOUT_RETURN_TYPE = YES_ERROR;
				GCC_WARN_UNDECLARED_SELECTOR = YES;
				GCC_WARN_UNINITIALIZED_AUTOS = YES_AGGRESSIVE;
				GCC_WARN_UNUSED_FUNCTION = YES;
				GCC_WARN_UNUSED_VARIABLE = YES;
				IPHONEOS_DEPLOYMENT_TARGET = 16.2;
				MTL_ENABLE_DEBUG_INFO = INCLUDE_SOURCE;
				MTL_FAST_MATH = YES;
				ONLY_ACTIVE_ARCH = YES;
				SDKROOT = iphoneos;
				SWIFT_ACTIVE_COMPILATION_CONDITIONS = DEBUG;
				SWIFT_OPTIMIZATION_LEVEL = "-Onone";
			};
			name = Debug;
		};
		109117DB2AE8451500A4D8D3 /* Release */ = {
			isa = XCBuildConfiguration;
			buildSettings = {
				ALWAYS_SEARCH_USER_PATHS = NO;
				CLANG_ANALYZER_NONNULL = YES;
				CLANG_ANALYZER_NUMBER_OBJECT_CONVERSION = YES_AGGRESSIVE;
				CLANG_CXX_LANGUAGE_STANDARD = "gnu++20";
				CLANG_ENABLE_MODULES = YES;
				CLANG_ENABLE_OBJC_ARC = YES;
				CLANG_ENABLE_OBJC_WEAK = YES;
				CLANG_WARN_BLOCK_CAPTURE_AUTORELEASING = YES;
				CLANG_WARN_BOOL_CONVERSION = YES;
				CLANG_WARN_COMMA = YES;
				CLANG_WARN_CONSTANT_CONVERSION = YES;
				CLANG_WARN_DEPRECATED_OBJC_IMPLEMENTATIONS = YES;
				CLANG_WARN_DIRECT_OBJC_ISA_USAGE = YES_ERROR;
				CLANG_WARN_DOCUMENTATION_COMMENTS = YES;
				CLANG_WARN_EMPTY_BODY = YES;
				CLANG_WARN_ENUM_CONVERSION = YES;
				CLANG_WARN_INFINITE_RECURSION = YES;
				CLANG_WARN_INT_CONVERSION = YES;
				CLANG_WARN_NON_LITERAL_NULL_CONVERSION = YES;
				CLANG_WARN_OBJC_IMPLICIT_RETAIN_SELF = YES;
				CLANG_WARN_OBJC_LITERAL_CONVERSION = YES;
				CLANG_WARN_OBJC_ROOT_CLASS = YES_ERROR;
				CLANG_WARN_QUOTED_INCLUDE_IN_FRAMEWORK_HEADER = YES;
				CLANG_WARN_RANGE_LOOP_ANALYSIS = YES;
				CLANG_WARN_STRICT_PROTOTYPES = YES;
				CLANG_WARN_SUSPICIOUS_MOVE = YES;
				CLANG_WARN_UNGUARDED_AVAILABILITY = YES_AGGRESSIVE;
				CLANG_WARN_UNREACHABLE_CODE = YES;
				CLANG_WARN__DUPLICATE_METHOD_MATCH = YES;
				COPY_PHASE_STRIP = NO;
				DEBUG_INFORMATION_FORMAT = "dwarf-with-dsym";
				ENABLE_NS_ASSERTIONS = NO;
				ENABLE_STRICT_OBJC_MSGSEND = YES;
				GCC_C_LANGUAGE_STANDARD = gnu11;
				GCC_NO_COMMON_BLOCKS = YES;
				GCC_WARN_64_TO_32_BIT_CONVERSION = YES;
				GCC_WARN_ABOUT_RETURN_TYPE = YES_ERROR;
				GCC_WARN_UNDECLARED_SELECTOR = YES;
				GCC_WARN_UNINITIALIZED_AUTOS = YES_AGGRESSIVE;
				GCC_WARN_UNUSED_FUNCTION = YES;
				GCC_WARN_UNUSED_VARIABLE = YES;
				IPHONEOS_DEPLOYMENT_TARGET = 16.2;
				MTL_ENABLE_DEBUG_INFO = NO;
				MTL_FAST_MATH = YES;
				SDKROOT = iphoneos;
				SWIFT_COMPILATION_MODE = wholemodule;
				SWIFT_OPTIMIZATION_LEVEL = "-O";
				VALIDATE_PRODUCT = YES;
			};
			name = Release;
		};
		109117DD2AE8451500A4D8D3 /* Debug */ = {
			isa = XCBuildConfiguration;
			buildSettings = {
				ASSETCATALOG_COMPILER_APPICON_NAME = AppIcon;
				ASSETCATALOG_COMPILER_GLOBAL_ACCENT_COLOR_NAME = AccentColor;
				CODE_SIGN_STYLE = Automatic;
				CURRENT_PROJECT_VERSION = 1;
				DEVELOPMENT_TEAM = 734NWAB3PT;
				GENERATE_INFOPLIST_FILE = YES;
				INFOPLIST_FILE = criptoMVVM/Info.plist;
				INFOPLIST_KEY_UIApplicationSupportsIndirectInputEvents = YES;
				INFOPLIST_KEY_UILaunchStoryboardName = LaunchScreen;
				INFOPLIST_KEY_UIMainStoryboardFile = Main;
				INFOPLIST_KEY_UISupportedInterfaceOrientations_iPad = "UIInterfaceOrientationPortrait UIInterfaceOrientationPortraitUpsideDown UIInterfaceOrientationLandscapeLeft UIInterfaceOrientationLandscapeRight";
				INFOPLIST_KEY_UISupportedInterfaceOrientations_iPhone = "UIInterfaceOrientationPortrait UIInterfaceOrientationLandscapeLeft UIInterfaceOrientationLandscapeRight";
				LD_RUNPATH_SEARCH_PATHS = (
					"$(inherited)",
					"@executable_path/Frameworks",
				);
				MARKETING_VERSION = 1.0;
				PRODUCT_BUNDLE_IDENTIFIER = com.mehmetoksuz.criptoMVVM;
				PRODUCT_NAME = "$(TARGET_NAME)";
				SWIFT_EMIT_LOC_STRINGS = YES;
				SWIFT_VERSION = 5.0;
				TARGETED_DEVICE_FAMILY = "1,2";
			};
			name = Debug;
		};
		109117DE2AE8451500A4D8D3 /* Release */ = {
			isa = XCBuildConfiguration;
			buildSettings = {
				ASSETCATALOG_COMPILER_APPICON_NAME = AppIcon;
				ASSETCATALOG_COMPILER_GLOBAL_ACCENT_COLOR_NAME = AccentColor;
				CODE_SIGN_STYLE = Automatic;
				CURRENT_PROJECT_VERSION = 1;
				DEVELOPMENT_TEAM = 734NWAB3PT;
				GENERATE_INFOPLIST_FILE = YES;
				INFOPLIST_FILE = criptoMVVM/Info.plist;
				INFOPLIST_KEY_UIApplicationSupportsIndirectInputEvents = YES;
				INFOPLIST_KEY_UILaunchStoryboardName = LaunchScreen;
				INFOPLIST_KEY_UIMainStoryboardFile = Main;
				INFOPLIST_KEY_UISupportedInterfaceOrientations_iPad = "UIInterfaceOrientationPortrait UIInterfaceOrientationPortraitUpsideDown UIInterfaceOrientationLandscapeLeft UIInterfaceOrientationLandscapeRight";
				INFOPLIST_KEY_UISupportedInterfaceOrientations_iPhone = "UIInterfaceOrientationPortrait UIInterfaceOrientationLandscapeLeft UIInterfaceOrientationLandscapeRight";
				LD_RUNPATH_SEARCH_PATHS = (
					"$(inherited)",
					"@executable_path/Frameworks",
				);
				MARKETING_VERSION = 1.0;
				PRODUCT_BUNDLE_IDENTIFIER = com.mehmetoksuz.criptoMVVM;
				PRODUCT_NAME = "$(TARGET_NAME)";
				SWIFT_EMIT_LOC_STRINGS = YES;
				SWIFT_VERSION = 5.0;
				TARGETED_DEVICE_FAMILY = "1,2";
			};
			name = Release;
		};
/* End XCBuildConfiguration section */

/* Begin XCConfigurationList section */
		109117C32AE8451300A4D8D3 /* Build configuration list for PBXProject "criptoMVVM" */ = {
			isa = XCConfigurationList;
			buildConfigurations = (
				109117DA2AE8451500A4D8D3 /* Debug */,
				109117DB2AE8451500A4D8D3 /* Release */,
			);
			defaultConfigurationIsVisible = 0;
			defaultConfigurationName = Release;
		};
		109117DC2AE8451500A4D8D3 /* Build configuration list for PBXNativeTarget "criptoMVVM" */ = {
			isa = XCConfigurationList;
			buildConfigurations = (
				109117DD2AE8451500A4D8D3 /* Debug */,
				109117DE2AE8451500A4D8D3 /* Release */,
			);
			defaultConfigurationIsVisible = 0;
			defaultConfigurationName = Release;
		};
/* End XCConfigurationList section */
	};
	rootObject = 109117C02AE8451300A4D8D3 /* Project object */;
}
